// !$*UTF8*$!
{
	archiveVersion = 1;
	classes = {
	};
	objectVersion = 48;
	objects = {

/* Begin PBXBuildFile section */
		CE2ED9E81FB4D30200F0A702 /* InputUserView.swift in Sources */ = {isa = PBXBuildFile; fileRef = CE2ED9E71FB4D30200F0A702 /* InputUserView.swift */; };
		CE2ED9EA1FB4D33900F0A702 /* UserCell.swift in Sources */ = {isa = PBXBuildFile; fileRef = CE2ED9E91FB4D33900F0A702 /* UserCell.swift */; };
		CE2ED9EC1FB6255F00F0A702 /* DataContext.swift in Sources */ = {isa = PBXBuildFile; fileRef = CE2ED9EB1FB6255F00F0A702 /* DataContext.swift */; };
		CE2ED9EE1FB642E600F0A702 /* ViewModel.swift in Sources */ = {isa = PBXBuildFile; fileRef = CE2ED9ED1FB642E600F0A702 /* ViewModel.swift */; };
		CE2ED9F01FB6435A00F0A702 /* SerializeService.swift in Sources */ = {isa = PBXBuildFile; fileRef = CE2ED9EF1FB6435A00F0A702 /* SerializeService.swift */; };
		CE2ED9F21FB7535500F0A702 /* UserCardView.swift in Sources */ = {isa = PBXBuildFile; fileRef = CE2ED9F11FB7535500F0A702 /* UserCardView.swift */; };
		CE2ED9F41FB76F9C00F0A702 /* UserCardViewController.swift in Sources */ = {isa = PBXBuildFile; fileRef = CE2ED9F31FB76F9C00F0A702 /* UserCardViewController.swift */; };
		CE4424781FB840BF00669BD6 /* UserCardViewModel.swift in Sources */ = {isa = PBXBuildFile; fileRef = CE4424771FB840BE00669BD6 /* UserCardViewModel.swift */; };
		CE44247A1FBB541F00669BD6 /* MockCamera.swift in Sources */ = {isa = PBXBuildFile; fileRef = CE4424791FBB541F00669BD6 /* MockCamera.swift */; };
		CE8DF9781FAE4E3A002F900C /* AppDelegate.swift in Sources */ = {isa = PBXBuildFile; fileRef = CE8DF9771FAE4E3A002F900C /* AppDelegate.swift */; };
		CE8DF97A1FAE4E3A002F900C /* ViewController.swift in Sources */ = {isa = PBXBuildFile; fileRef = CE8DF9791FAE4E3A002F900C /* ViewController.swift */; };
		CE8DF97D1FAE4E3A002F900C /* Main.storyboard in Resources */ = {isa = PBXBuildFile; fileRef = CE8DF97B1FAE4E3A002F900C /* Main.storyboard */; };
		CE8DF97F1FAE4E3A002F900C /* Assets.xcassets in Resources */ = {isa = PBXBuildFile; fileRef = CE8DF97E1FAE4E3A002F900C /* Assets.xcassets */; };
		CE8DF9821FAE4E3A002F900C /* LaunchScreen.storyboard in Resources */ = {isa = PBXBuildFile; fileRef = CE8DF9801FAE4E3A002F900C /* LaunchScreen.storyboard */; };
		CE8DF98B1FAF215B002F900C /* User.swift in Sources */ = {isa = PBXBuildFile; fileRef = CE8DF98A1FAF215B002F900C /* User.swift */; };
/* End PBXBuildFile section */

/* Begin PBXFileReference section */
		CE2ED9E71FB4D30200F0A702 /* InputUserView.swift */ = {isa = PBXFileReference; lastKnownFileType = sourcecode.swift; path = InputUserView.swift; sourceTree = "<group>"; };
		CE2ED9E91FB4D33900F0A702 /* UserCell.swift */ = {isa = PBXFileReference; lastKnownFileType = sourcecode.swift; path = UserCell.swift; sourceTree = "<group>"; };
		CE2ED9EB1FB6255F00F0A702 /* DataContext.swift */ = {isa = PBXFileReference; lastKnownFileType = sourcecode.swift; path = DataContext.swift; sourceTree = "<group>"; };
		CE2ED9ED1FB642E600F0A702 /* ViewModel.swift */ = {isa = PBXFileReference; lastKnownFileType = sourcecode.swift; path = ViewModel.swift; sourceTree = "<group>"; };
		CE2ED9EF1FB6435A00F0A702 /* SerializeService.swift */ = {isa = PBXFileReference; lastKnownFileType = sourcecode.swift; path = SerializeService.swift; sourceTree = "<group>"; };
		CE2ED9F11FB7535500F0A702 /* UserCardView.swift */ = {isa = PBXFileReference; lastKnownFileType = sourcecode.swift; path = UserCardView.swift; sourceTree = "<group>"; };
		CE2ED9F31FB76F9C00F0A702 /* UserCardViewController.swift */ = {isa = PBXFileReference; lastKnownFileType = sourcecode.swift; path = UserCardViewController.swift; sourceTree = "<group>"; };
		CE4424771FB840BE00669BD6 /* UserCardViewModel.swift */ = {isa = PBXFileReference; lastKnownFileType = sourcecode.swift; path = UserCardViewModel.swift; sourceTree = "<group>"; };
		CE4424791FBB541F00669BD6 /* MockCamera.swift */ = {isa = PBXFileReference; lastKnownFileType = sourcecode.swift; path = MockCamera.swift; sourceTree = "<group>"; };
		CE8DF9741FAE4E3A002F900C /* UserInputForm.app */ = {isa = PBXFileReference; explicitFileType = wrapper.application; includeInIndex = 0; path = UserInputForm.app; sourceTree = BUILT_PRODUCTS_DIR; };
		CE8DF9771FAE4E3A002F900C /* AppDelegate.swift */ = {isa = PBXFileReference; lastKnownFileType = sourcecode.swift; path = AppDelegate.swift; sourceTree = "<group>"; };
		CE8DF9791FAE4E3A002F900C /* ViewController.swift */ = {isa = PBXFileReference; lastKnownFileType = sourcecode.swift; path = ViewController.swift; sourceTree = "<group>"; };
		CE8DF97C1FAE4E3A002F900C /* Base */ = {isa = PBXFileReference; lastKnownFileType = file.storyboard; name = Base; path = Base.lproj/Main.storyboard; sourceTree = "<group>"; };
		CE8DF97E1FAE4E3A002F900C /* Assets.xcassets */ = {isa = PBXFileReference; lastKnownFileType = folder.assetcatalog; path = Assets.xcassets; sourceTree = "<group>"; };
		CE8DF9811FAE4E3A002F900C /* Base */ = {isa = PBXFileReference; lastKnownFileType = file.storyboard; name = Base; path = Base.lproj/LaunchScreen.storyboard; sourceTree = "<group>"; };
		CE8DF9831FAE4E3A002F900C /* Info.plist */ = {isa = PBXFileReference; lastKnownFileType = text.plist.xml; path = Info.plist; sourceTree = "<group>"; };
		CE8DF98A1FAF215B002F900C /* User.swift */ = {isa = PBXFileReference; lastKnownFileType = sourcecode.swift; path = User.swift; sourceTree = "<group>"; };
/* End PBXFileReference section */

/* Begin PBXFrameworksBuildPhase section */
		CE8DF9711FAE4E3A002F900C /* Frameworks */ = {
			isa = PBXFrameworksBuildPhase;
			buildActionMask = 2147483647;
			files = (
			);
			runOnlyForDeploymentPostprocessing = 0;
		};
/* End PBXFrameworksBuildPhase section */

/* Begin PBXGroup section */
		CE2ED9E51FB4D2D400F0A702 /* View */ = {
			isa = PBXGroup;
			children = (
				CE2ED9E71FB4D30200F0A702 /* InputUserView.swift */,
				CE2ED9E91FB4D33900F0A702 /* UserCell.swift */,
				CE2ED9F11FB7535500F0A702 /* UserCardView.swift */,
			);
			path = View;
			sourceTree = "<group>";
		};
		CE2ED9E61FB4D2E400F0A702 /* Controller */ = {
			isa = PBXGroup;
			children = (
				CE8DF9791FAE4E3A002F900C /* ViewController.swift */,
				CE2ED9F31FB76F9C00F0A702 /* UserCardViewController.swift */,
			);
			path = Controller;
			sourceTree = "<group>";
		};
		CE8DF96B1FAE4E3A002F900C = {
			isa = PBXGroup;
			children = (
				CE8DF9761FAE4E3A002F900C /* UserInputForm */,
				CE8DF9751FAE4E3A002F900C /* Products */,
			);
			sourceTree = "<group>";
		};
		CE8DF9751FAE4E3A002F900C /* Products */ = {
			isa = PBXGroup;
			children = (
				CE8DF9741FAE4E3A002F900C /* UserInputForm.app */,
			);
			name = Products;
			sourceTree = "<group>";
		};
		CE8DF9761FAE4E3A002F900C /* UserInputForm */ = {
			isa = PBXGroup;
			children = (
				CE2ED9E61FB4D2E400F0A702 /* Controller */,
				CE2ED9E51FB4D2D400F0A702 /* View */,
				CE8DF9891FAF213A002F900C /* Model */,
				CE8DF9771FAE4E3A002F900C /* AppDelegate.swift */,
				CE8DF97B1FAE4E3A002F900C /* Main.storyboard */,
				CE8DF97E1FAE4E3A002F900C /* Assets.xcassets */,
				CE8DF9801FAE4E3A002F900C /* LaunchScreen.storyboard */,
				CE8DF9831FAE4E3A002F900C /* Info.plist */,
				CE4424791FBB541F00669BD6 /* MockCamera.swift */,
			);
			path = UserInputForm;
			sourceTree = "<group>";
		};
		CE8DF9891FAF213A002F900C /* Model */ = {
			isa = PBXGroup;
			children = (
				CE8DF98A1FAF215B002F900C /* User.swift */,
				CE2ED9EB1FB6255F00F0A702 /* DataContext.swift */,
				CE2ED9ED1FB642E600F0A702 /* ViewModel.swift */,
				CE2ED9EF1FB6435A00F0A702 /* SerializeService.swift */,
				CE4424771FB840BE00669BD6 /* UserCardViewModel.swift */,
			);
			path = Model;
			sourceTree = "<group>";
		};
/* End PBXGroup section */

/* Begin PBXNativeTarget section */
		CE8DF9731FAE4E3A002F900C /* UserInputForm */ = {
			isa = PBXNativeTarget;
			buildConfigurationList = CE8DF9861FAE4E3A002F900C /* Build configuration list for PBXNativeTarget "UserInputForm" */;
			buildPhases = (
				CE8DF9701FAE4E3A002F900C /* Sources */,
				CE8DF9711FAE4E3A002F900C /* Frameworks */,
				CE8DF9721FAE4E3A002F900C /* Resources */,
			);
			buildRules = (
			);
			dependencies = (
			);
			name = UserInputForm;
			productName = UserInputForm;
			productReference = CE8DF9741FAE4E3A002F900C /* UserInputForm.app */;
			productType = "com.apple.product-type.application";
		};
/* End PBXNativeTarget section */

/* Begin PBXProject section */
		CE8DF96C1FAE4E3A002F900C /* Project object */ = {
			isa = PBXProject;
			attributes = {
				LastSwiftUpdateCheck = 0910;
				LastUpgradeCheck = 0910;
				ORGANIZATIONNAME = "Studio Mobile";
				TargetAttributes = {
					CE8DF9731FAE4E3A002F900C = {
						CreatedOnToolsVersion = 9.1;
						ProvisioningStyle = Automatic;
					};
				};
			};
			buildConfigurationList = CE8DF96F1FAE4E3A002F900C /* Build configuration list for PBXProject "UserInputForm" */;
			compatibilityVersion = "Xcode 8.0";
			developmentRegion = en;
			hasScannedForEncodings = 0;
			knownRegions = (
				en,
				Base,
			);
			mainGroup = CE8DF96B1FAE4E3A002F900C;
			productRefGroup = CE8DF9751FAE4E3A002F900C /* Products */;
			projectDirPath = "";
			projectRoot = "";
			targets = (
				CE8DF9731FAE4E3A002F900C /* UserInputForm */,
			);
		};
/* End PBXProject section */

/* Begin PBXResourcesBuildPhase section */
		CE8DF9721FAE4E3A002F900C /* Resources */ = {
			isa = PBXResourcesBuildPhase;
			buildActionMask = 2147483647;
			files = (
				CE8DF9821FAE4E3A002F900C /* LaunchScreen.storyboard in Resources */,
				CE8DF97F1FAE4E3A002F900C /* Assets.xcassets in Resources */,
				CE8DF97D1FAE4E3A002F900C /* Main.storyboard in Resources */,
			);
			runOnlyForDeploymentPostprocessing = 0;
		};
/* End PBXResourcesBuildPhase section */

/* Begin PBXSourcesBuildPhase section */
		CE8DF9701FAE4E3A002F900C /* Sources */ = {
			isa = PBXSourcesBuildPhase;
			buildActionMask = 2147483647;
			files = (
				CE2ED9E81FB4D30200F0A702 /* InputUserView.swift in Sources */,
				CE2ED9EC1FB6255F00F0A702 /* DataContext.swift in Sources */,
				CE4424781FB840BF00669BD6 /* UserCardViewModel.swift in Sources */,
				CE2ED9F01FB6435A00F0A702 /* SerializeService.swift in Sources */,
				CE2ED9F21FB7535500F0A702 /* UserCardView.swift in Sources */,
				CE2ED9EA1FB4D33900F0A702 /* UserCell.swift in Sources */,
				CE8DF97A1FAE4E3A002F900C /* ViewController.swift in Sources */,
				CE8DF9781FAE4E3A002F900C /* AppDelegate.swift in Sources */,
				CE2ED9F41FB76F9C00F0A702 /* UserCardViewController.swift in Sources */,
				CE8DF98B1FAF215B002F900C /* User.swift in Sources */,
				CE44247A1FBB541F00669BD6 /* MockCamera.swift in Sources */,
				CE2ED9EE1FB642E600F0A702 /* ViewModel.swift in Sources */,
			);
			runOnlyForDeploymentPostprocessing = 0;
		};
/* End PBXSourcesBuildPhase section */

/* Begin PBXVariantGroup section */
		CE8DF97B1FAE4E3A002F900C /* Main.storyboard */ = {
			isa = PBXVariantGroup;
			children = (
				CE8DF97C1FAE4E3A002F900C /* Base */,
			);
			name = Main.storyboard;
			sourceTree = "<group>";
		};
		CE8DF9801FAE4E3A002F900C /* LaunchScreen.storyboard */ = {
			isa = PBXVariantGroup;
			children = (
				CE8DF9811FAE4E3A002F900C /* Base */,
			);
			name = LaunchScreen.storyboard;
			sourceTree = "<group>";
		};
/* End PBXVariantGroup section */

/* Begin XCBuildConfiguration section */
		CE8DF9841FAE4E3A002F900C /* Debug */ = {
			isa = XCBuildConfiguration;
			buildSettings = {
				ALWAYS_SEARCH_USER_PATHS = NO;
				CLANG_ANALYZER_NONNULL = YES;
				CLANG_ANALYZER_NUMBER_OBJECT_CONVERSION = YES_AGGRESSIVE;
				CLANG_CXX_LANGUAGE_STANDARD = "gnu++14";
				CLANG_CXX_LIBRARY = "libc++";
				CLANG_ENABLE_MODULES = YES;
				CLANG_ENABLE_OBJC_ARC = YES;
				CLANG_WARN_BLOCK_CAPTURE_AUTORELEASING = YES;
				CLANG_WARN_BOOL_CONVERSION = YES;
				CLANG_WARN_COMMA = YES;
				CLANG_WARN_CONSTANT_CONVERSION = YES;
				CLANG_WARN_DIRECT_OBJC_ISA_USAGE = YES_ERROR;
				CLANG_WARN_DOCUMENTATION_COMMENTS = YES;
				CLANG_WARN_EMPTY_BODY = YES;
				CLANG_WARN_ENUM_CONVERSION = YES;
				CLANG_WARN_INFINITE_RECURSION = YES;
				CLANG_WARN_INT_CONVERSION = YES;
				CLANG_WARN_NON_LITERAL_NULL_CONVERSION = YES;
				CLANG_WARN_OBJC_LITERAL_CONVERSION = YES;
				CLANG_WARN_OBJC_ROOT_CLASS = YES_ERROR;
				CLANG_WARN_RANGE_LOOP_ANALYSIS = YES;
				CLANG_WARN_STRICT_PROTOTYPES = YES;
				CLANG_WARN_SUSPICIOUS_MOVE = YES;
				CLANG_WARN_UNGUARDED_AVAILABILITY = YES_AGGRESSIVE;
				CLANG_WARN_UNREACHABLE_CODE = YES;
				CLANG_WARN__DUPLICATE_METHOD_MATCH = YES;
				CODE_SIGN_IDENTITY = "iPhone Developer";
				COPY_PHASE_STRIP = NO;
				DEBUG_INFORMATION_FORMAT = dwarf;
				ENABLE_STRICT_OBJC_MSGSEND = YES;
				ENABLE_TESTABILITY = YES;
				GCC_C_LANGUAGE_STANDARD = gnu11;
				GCC_DYNAMIC_NO_PIC = NO;
				GCC_NO_COMMON_BLOCKS = YES;
				GCC_OPTIMIZATION_LEVEL = 0;
				GCC_PREPROCESSOR_DEFINITIONS = (
					"DEBUG=1",
					"$(inherited)",
				);
				GCC_WARN_64_TO_32_BIT_CONVERSION = YES;
				GCC_WARN_ABOUT_RETURN_TYPE = YES_ERROR;
				GCC_WARN_UNDECLARED_SELECTOR = YES;
				GCC_WARN_UNINITIALIZED_AUTOS = YES_AGGRESSIVE;
				GCC_WARN_UNUSED_FUNCTION = YES;
				GCC_WARN_UNUSED_VARIABLE = YES;
				IPHONEOS_DEPLOYMENT_TARGET = 11.1;
				MTL_ENABLE_DEBUG_INFO = YES;
				ONLY_ACTIVE_ARCH = YES;
				SDKROOT = iphoneos;
				SWIFT_ACTIVE_COMPILATION_CONDITIONS = DEBUG;
				SWIFT_OPTIMIZATION_LEVEL = "-Onone";
			};
			name = Debug;
		};
		CE8DF9851FAE4E3A002F900C /* Release */ = {
			isa = XCBuildConfiguration;
			buildSettings = {
				ALWAYS_SEARCH_USER_PATHS = NO;
				CLANG_ANALYZER_NONNULL = YES;
				CLANG_ANALYZER_NUMBER_OBJECT_CONVERSION = YES_AGGRESSIVE;
				CLANG_CXX_LANGUAGE_STANDARD = "gnu++14";
				CLANG_CXX_LIBRARY = "libc++";
				CLANG_ENABLE_MODULES = YES;
				CLANG_ENABLE_OBJC_ARC = YES;
				CLANG_WARN_BLOCK_CAPTURE_AUTORELEASING = YES;
				CLANG_WARN_BOOL_CONVERSION = YES;
				CLANG_WARN_COMMA = YES;
				CLANG_WARN_CONSTANT_CONVERSION = YES;
				CLANG_WARN_DIRECT_OBJC_ISA_USAGE = YES_ERROR;
				CLANG_WARN_DOCUMENTATION_COMMENTS = YES;
				CLANG_WARN_EMPTY_BODY = YES;
				CLANG_WARN_ENUM_CONVERSION = YES;
				CLANG_WARN_INFINITE_RECURSION = YES;
				CLANG_WARN_INT_CONVERSION = YES;
				CLANG_WARN_NON_LITERAL_NULL_CONVERSION = YES;
				CLANG_WARN_OBJC_LITERAL_CONVERSION = YES;
				CLANG_WARN_OBJC_ROOT_CLASS = YES_ERROR;
				CLANG_WARN_RANGE_LOOP_ANALYSIS = YES;
				CLANG_WARN_STRICT_PROTOTYPES = YES;
				CLANG_WARN_SUSPICIOUS_MOVE = YES;
				CLANG_WARN_UNGUARDED_AVAILABILITY = YES_AGGRESSIVE;
				CLANG_WARN_UNREACHABLE_CODE = YES;
				CLANG_WARN__DUPLICATE_METHOD_MATCH = YES;
				CODE_SIGN_IDENTITY = "iPhone Developer";
				COPY_PHASE_STRIP = NO;
				DEBUG_INFORMATION_FORMAT = "dwarf-with-dsym";
				ENABLE_NS_ASSERTIONS = NO;
				ENABLE_STRICT_OBJC_MSGSEND = YES;
				GCC_C_LANGUAGE_STANDARD = gnu11;
				GCC_NO_COMMON_BLOCKS = YES;
				GCC_WARN_64_TO_32_BIT_CONVERSION = YES;
				GCC_WARN_ABOUT_RETURN_TYPE = YES_ERROR;
				GCC_WARN_UNDECLARED_SELECTOR = YES;
				GCC_WARN_UNINITIALIZED_AUTOS = YES_AGGRESSIVE;
				GCC_WARN_UNUSED_FUNCTION = YES;
				GCC_WARN_UNUSED_VARIABLE = YES;
				IPHONEOS_DEPLOYMENT_TARGET = 11.1;
				MTL_ENABLE_DEBUG_INFO = NO;
				SDKROOT = iphoneos;
				SWIFT_OPTIMIZATION_LEVEL = "-Owholemodule";
				VALIDATE_PRODUCT = YES;
			};
			name = Release;
		};
		CE8DF9871FAE4E3A002F900C /* Debug */ = {
			isa = XCBuildConfiguration;
			buildSettings = {
				ASSETCATALOG_COMPILER_APPICON_NAME = AppIcon;
				CODE_SIGN_STYLE = Automatic;
				DEVELOPMENT_TEAM = 489T7K9N4R;
				INFOPLIST_FILE = UserInputForm/Info.plist;
				LD_RUNPATH_SEARCH_PATHS = "$(inherited) @executable_path/Frameworks";
				PRODUCT_BUNDLE_IDENTIFIER = SM.UserInputForm;
				PRODUCT_NAME = "$(TARGET_NAME)";
				SWIFT_VERSION = 4.0;
				TARGETED_DEVICE_FAMILY = "1,2";
			};
			name = Debug;
		};
		CE8DF9881FAE4E3A002F900C /* Release */ = {
			isa = XCBuildConfiguration;
			buildSettings = {
				ASSETCATALOG_COMPILER_APPICON_NAME = AppIcon;
				CODE_SIGN_STYLE = Automatic;
				DEVELOPMENT_TEAM = 489T7K9N4R;
				INFOPLIST_FILE = UserInputForm/Info.plist;
				LD_RUNPATH_SEARCH_PATHS = "$(inherited) @executable_path/Frameworks";
				PRODUCT_BUNDLE_IDENTIFIER = SM.UserInputForm;
				PRODUCT_NAME = "$(TARGET_NAME)";
				SWIFT_VERSION = 4.0;
				TARGETED_DEVICE_FAMILY = "1,2";
			};
			name = Release;
		};
/* End XCBuildConfiguration section */

/* Begin XCConfigurationList section */
		CE8DF96F1FAE4E3A002F900C /* Build configuration list for PBXProject "UserInputForm" */ = {
			isa = XCConfigurationList;
			buildConfigurations = (
				CE8DF9841FAE4E3A002F900C /* Debug */,
				CE8DF9851FAE4E3A002F900C /* Release */,
			);
			defaultConfigurationIsVisible = 0;
			defaultConfigurationName = Release;
		};
		CE8DF9861FAE4E3A002F900C /* Build configuration list for PBXNativeTarget "UserInputForm" */ = {
			isa = XCConfigurationList;
			buildConfigurations = (
				CE8DF9871FAE4E3A002F900C /* Debug */,
				CE8DF9881FAE4E3A002F900C /* Release */,
			);
			defaultConfigurationIsVisible = 0;
			defaultConfigurationName = Release;
		};
/* End XCConfigurationList section */
	};
	rootObject = CE8DF96C1FAE4E3A002F900C /* Project object */;
}
